{
  "version": 4,
  "terraform_version": "1.3.1",
  "serial": 13,
  "lineage": "0aa60f2b-294f-68be-2751-9c82edb01b3f",
  "outputs": {
    "vault": {
      "value": "kvv1",
      "type": "string"
    }
  },
  "resources": [
    {
      "mode": "managed",
      "type": "vault_kv_secret",
      "name": "secret",
      "provider": "provider[\"registry.terraform.io/hashicorp/vault\"]",
      "instances": [
        {
          "schema_version": 0,
          "attributes": {
            "data": {
              "password1": "5678",
              "username1": "1234"
            },
            "data_json": "{\"password1\":\"5678\",\"username1\":\"1234\"}",
            "id": "kvv1/secret",
            "namespace": null,
            "path": "kvv1/secret"
          },
          "sensitive_attributes": [],
          "private": "bnVsbA==",
          "dependencies": [
            "vault_mount.kvv1"
          ]
        }
      ]
    },
    {
      "mode": "managed",
      "type": "vault_mount",
      "name": "kvv1",
      "provider": "provider[\"registry.terraform.io/hashicorp/vault\"]",
      "instances": [
        {
          "schema_version": 0,
          "attributes": {
            "accessor": "kv_10b56ed0",
            "allowed_managed_keys": [],
            "audit_non_hmac_request_keys": [],
            "audit_non_hmac_response_keys": [],
            "default_lease_ttl_seconds": 0,
            "description": "KV Version 1 secret engine mount",
            "external_entropy_access": false,
            "id": "kvv1",
            "local": false,
            "max_lease_ttl_seconds": 0,
            "namespace": null,
            "options": {
              "version": "1"
            },
            "path": "kvv1",
            "seal_wrap": false,
            "type": "kv"
          },
          "sensitive_attributes": [],
          "private": "bnVsbA=="
        }
      ]
    }
  ],
  "check_results": []
}
